// !$*UTF8*$!
{
	archiveVersion = 1;
	classes = {
	};
	objectVersion = 46;
	objects = {

/* Begin PBXBuildFile section */
		506CCDCD1B159F1900BC976F /* main.m in Sources */ = {isa = PBXBuildFile; fileRef = 506CCDCC1B159F1900BC976F /* main.m */; };
		506CCDD01B159F1900BC976F /* AppDelegate.m in Sources */ = {isa = PBXBuildFile; fileRef = 506CCDCF1B159F1900BC976F /* AppDelegate.m */; };
		506CCDD31B159F1900BC976F /* ViewController.m in Sources */ = {isa = PBXBuildFile; fileRef = 506CCDD21B159F1900BC976F /* ViewController.m */; };
		506CCDD61B159F1900BC976F /* Main.storyboard in Resources */ = {isa = PBXBuildFile; fileRef = 506CCDD41B159F1900BC976F /* Main.storyboard */; };
		506CCDD81B159F1900BC976F /* Images.xcassets in Resources */ = {isa = PBXBuildFile; fileRef = 506CCDD71B159F1900BC976F /* Images.xcassets */; };
		506CCDDB1B159F1900BC976F /* LaunchScreen.xib in Resources */ = {isa = PBXBuildFile; fileRef = 506CCDD91B159F1900BC976F /* LaunchScreen.xib */; };
		506CCDE71B159F1900BC976F /* ThreadSafaTests.m in Sources */ = {isa = PBXBuildFile; fileRef = 506CCDE61B159F1900BC976F /* ThreadSafaTests.m */; };
/* End PBXBuildFile section */

/* Begin PBXContainerItemProxy section */
		506CCDE11B159F1900BC976F /* PBXContainerItemProxy */ = {
			isa = PBXContainerItemProxy;
			containerPortal = 506CCDBF1B159F1900BC976F /* Project object */;
			proxyType = 1;
			remoteGlobalIDString = 506CCDC61B159F1900BC976F;
			remoteInfo = ThreadSafa;
		};
/* End PBXContainerItemProxy section */

/* Begin PBXFileReference section */
		506CCDC71B159F1900BC976F /* ThreadSafa.app */ = {isa = PBXFileReference; explicitFileType = wrapper.application; includeInIndex = 0; path = ThreadSafa.app; sourceTree = BUILT_PRODUCTS_DIR; };
		506CCDCB1B159F1900BC976F /* Info.plist */ = {isa = PBXFileReference; lastKnownFileType = text.plist.xml; path = Info.plist; sourceTree = "<group>"; };
		506CCDCC1B159F1900BC976F /* main.m */ = {isa = PBXFileReference; lastKnownFileType = sourcecode.c.objc; path = main.m; sourceTree = "<group>"; };
		506CCDCE1B159F1900BC976F /* AppDelegate.h */ = {isa = PBXFileReference; lastKnownFileType = sourcecode.c.h; path = AppDelegate.h; sourceTree = "<group>"; };
		506CCDCF1B159F1900BC976F /* AppDelegate.m */ = {isa = PBXFileReference; lastKnownFileType = sourcecode.c.objc; path = AppDelegate.m; sourceTree = "<group>"; };
		506CCDD11B159F1900BC976F /* ViewController.h */ = {isa = PBXFileReference; lastKnownFileType = sourcecode.c.h; path = ViewController.h; sourceTree = "<group>"; };
		506CCDD21B159F1900BC976F /* ViewController.m */ = {isa = PBXFileReference; lastKnownFileType = sourcecode.c.objc; path = ViewController.m; sourceTree = "<group>"; };
		506CCDD51B159F1900BC976F /* Base */ = {isa = PBXFileReference; lastKnownFileType = file.storyboard; name = Base; path = Base.lproj/Main.storyboard; sourceTree = "<group>"; };
		506CCDD71B159F1900BC976F /* Images.xcassets */ = {isa = PBXFileReference; lastKnownFileType = folder.assetcatalog; path = Images.xcassets; sourceTree = "<group>"; };
		506CCDDA1B159F1900BC976F /* Base */ = {isa = PBXFileReference; lastKnownFileType = file.xib; name = Base; path = Base.lproj/LaunchScreen.xib; sourceTree = "<group>"; };
		506CCDE01B159F1900BC976F /* ThreadSafaTests.xctest */ = {isa = PBXFileReference; explicitFileType = wrapper.cfbundle; includeInIndex = 0; path = ThreadSafaTests.xctest; sourceTree = BUILT_PRODUCTS_DIR; };
		506CCDE51B159F1900BC976F /* Info.plist */ = {isa = PBXFileReference; lastKnownFileType = text.plist.xml; path = Info.plist; sourceTree = "<group>"; };
		506CCDE61B159F1900BC976F /* ThreadSafaTests.m */ = {isa = PBXFileReference; lastKnownFileType = sourcecode.c.objc; path = ThreadSafaTests.m; sourceTree = "<group>"; };
/* End PBXFileReference section */

/* Begin PBXFrameworksBuildPhase section */
		506CCDC41B159F1900BC976F /* Frameworks */ = {
			isa = PBXFrameworksBuildPhase;
			buildActionMask = 2147483647;
			files = (
			);
			runOnlyForDeploymentPostprocessing = 0;
		};
		506CCDDD1B159F1900BC976F /* Frameworks */ = {
			isa = PBXFrameworksBuildPhase;
			buildActionMask = 2147483647;
			files = (
			);
			runOnlyForDeploymentPostprocessing = 0;
		};
/* End PBXFrameworksBuildPhase section */

/* Begin PBXGroup section */
		506CCDBE1B159F1900BC976F = {
			isa = PBXGroup;
			children = (
				506CCDC91B159F1900BC976F /* ThreadSafa */,
				506CCDE31B159F1900BC976F /* ThreadSafaTests */,
				506CCDC81B159F1900BC976F /* Products */,
			);
			sourceTree = "<group>";
		};
		506CCDC81B159F1900BC976F /* Products */ = {
			isa = PBXGroup;
			children = (
				506CCDC71B159F1900BC976F /* ThreadSafa.app */,
				506CCDE01B159F1900BC976F /* ThreadSafaTests.xctest */,
			);
			name = Products;
			sourceTree = "<group>";
		};
		506CCDC91B159F1900BC976F /* ThreadSafa */ = {
			isa = PBXGroup;
			children = (
				506CCDCE1B159F1900BC976F /* AppDelegate.h */,
				506CCDCF1B159F1900BC976F /* AppDelegate.m */,
				506CCDD11B159F1900BC976F /* ViewController.h */,
				506CCDD21B159F1900BC976F /* ViewController.m */,
				506CCDD41B159F1900BC976F /* Main.storyboard */,
				506CCDD71B159F1900BC976F /* Images.xcassets */,
				506CCDD91B159F1900BC976F /* LaunchScreen.xib */,
				506CCDCA1B159F1900BC976F /* Supporting Files */,
			);
			path = ThreadSafa;
			sourceTree = "<group>";
		};
		506CCDCA1B159F1900BC976F /* Supporting Files */ = {
			isa = PBXGroup;
			children = (
				506CCDCB1B159F1900BC976F /* Info.plist */,
				506CCDCC1B159F1900BC976F /* main.m */,
			);
			name = "Supporting Files";
			sourceTree = "<group>";
		};
		506CCDE31B159F1900BC976F /* ThreadSafaTests */ = {
			isa = PBXGroup;
			children = (
				506CCDE61B159F1900BC976F /* ThreadSafaTests.m */,
				506CCDE41B159F1900BC976F /* Supporting Files */,
			);
			path = ThreadSafaTests;
			sourceTree = "<group>";
		};
		506CCDE41B159F1900BC976F /* Supporting Files */ = {
			isa = PBXGroup;
			children = (
				506CCDE51B159F1900BC976F /* Info.plist */,
			);
			name = "Supporting Files";
			sourceTree = "<group>";
		};
/* End PBXGroup section */

/* Begin PBXNativeTarget section */
		506CCDC61B159F1900BC976F /* ThreadSafa */ = {
			isa = PBXNativeTarget;
			buildConfigurationList = 506CCDEA1B159F1900BC976F /* Build configuration list for PBXNativeTarget "ThreadSafa" */;
			buildPhases = (
				506CCDC31B159F1900BC976F /* Sources */,
				506CCDC41B159F1900BC976F /* Frameworks */,
				506CCDC51B159F1900BC976F /* Resources */,
			);
			buildRules = (
			);
			dependencies = (
			);
			name = ThreadSafa;
			productName = ThreadSafa;
			productReference = 506CCDC71B159F1900BC976F /* ThreadSafa.app */;
			productType = "com.apple.product-type.application";
		};
		506CCDDF1B159F1900BC976F /* ThreadSafaTests */ = {
			isa = PBXNativeTarget;
			buildConfigurationList = 506CCDED1B159F1900BC976F /* Build configuration list for PBXNativeTarget "ThreadSafaTests" */;
			buildPhases = (
				506CCDDC1B159F1900BC976F /* Sources */,
				506CCDDD1B159F1900BC976F /* Frameworks */,
				506CCDDE1B159F1900BC976F /* Resources */,
			);
			buildRules = (
			);
			dependencies = (
				506CCDE21B159F1900BC976F /* PBXTargetDependency */,
			);
			name = ThreadSafaTests;
			productName = ThreadSafaTests;
			productReference = 506CCDE01B159F1900BC976F /* ThreadSafaTests.xctest */;
			productType = "com.apple.product-type.bundle.unit-test";
		};
/* End PBXNativeTarget section */

/* Begin PBXProject section */
		506CCDBF1B159F1900BC976F /* Project object */ = {
			isa = PBXProject;
			attributes = {
				LastUpgradeCheck = 0630;
				ORGANIZATIONNAME = lyxia;
				TargetAttributes = {
					506CCDC61B159F1900BC976F = {
						CreatedOnToolsVersion = 6.3.1;
					};
					506CCDDF1B159F1900BC976F = {
						CreatedOnToolsVersion = 6.3.1;
						TestTargetID = 506CCDC61B159F1900BC976F;
					};
				};
			};
			buildConfigurationList = 506CCDC21B159F1900BC976F /* Build configuration list for PBXProject "ThreadSafa" */;
			compatibilityVersion = "Xcode 3.2";
			developmentRegion = English;
			hasScannedForEncodings = 0;
			knownRegions = (
				en,
				Base,
			);
			mainGroup = 506CCDBE1B159F1900BC976F;
			productRefGroup = 506CCDC81B159F1900BC976F /* Products */;
			projectDirPath = "";
			projectRoot = "";
			targets = (
				506CCDC61B159F1900BC976F /* ThreadSafa */,
				506CCDDF1B159F1900BC976F /* ThreadSafaTests */,
			);
		};
/* End PBXProject section */

/* Begin PBXResourcesBuildPhase section */
		506CCDC51B159F1900BC976F /* Resources */ = {
			isa = PBXResourcesBuildPhase;
			buildActionMask = 2147483647;
			files = (
				506CCDD61B159F1900BC976F /* Main.storyboard in Resources */,
				506CCDDB1B159F1900BC976F /* LaunchScreen.xib in Resources */,
				506CCDD81B159F1900BC976F /* Images.xcassets in Resources */,
			);
			runOnlyForDeploymentPostprocessing = 0;
		};
		506CCDDE1B159F1900BC976F /* Resources */ = {
			isa = PBXResourcesBuildPhase;
			buildActionMask = 2147483647;
			files = (
			);
			runOnlyForDeploymentPostprocessing = 0;
		};
/* End PBXResourcesBuildPhase section */

/* Begin PBXSourcesBuildPhase section */
		506CCDC31B159F1900BC976F /* Sources */ = {
			isa = PBXSourcesBuildPhase;
			buildActionMask = 2147483647;
			files = (
				506CCDD31B159F1900BC976F /* ViewController.m in Sources */,
				506CCDD01B159F1900BC976F /* AppDelegate.m in Sources */,
				506CCDCD1B159F1900BC976F /* main.m in Sources */,
			);
			runOnlyForDeploymentPostprocessing = 0;
		};
		506CCDDC1B159F1900BC976F /* Sources */ = {
			isa = PBXSourcesBuildPhase;
			buildActionMask = 2147483647;
			files = (
				506CCDE71B159F1900BC976F /* ThreadSafaTests.m in Sources */,
			);
			runOnlyForDeploymentPostprocessing = 0;
		};
/* End PBXSourcesBuildPhase section */

/* Begin PBXTargetDependency section */
		506CCDE21B159F1900BC976F /* PBXTargetDependency */ = {
			isa = PBXTargetDependency;
			target = 506CCDC61B159F1900BC976F /* ThreadSafa */;
			targetProxy = 506CCDE11B159F1900BC976F /* PBXContainerItemProxy */;
		};
/* End PBXTargetDependency section */

/* Begin PBXVariantGroup section */
		506CCDD41B159F1900BC976F /* Main.storyboard */ = {
			isa = PBXVariantGroup;
			children = (
				506CCDD51B159F1900BC976F /* Base */,
			);
			name = Main.storyboard;
			sourceTree = "<group>";
		};
		506CCDD91B159F1900BC976F /* LaunchScreen.xib */ = {
			isa = PBXVariantGroup;
			children = (
				506CCDDA1B159F1900BC976F /* Base */,
			);
			name = LaunchScreen.xib;
			sourceTree = "<group>";
		};
/* End PBXVariantGroup section */

/* Begin XCBuildConfiguration section */
		506CCDE81B159F1900BC976F /* Debug */ = {
			isa = XCBuildConfiguration;
			buildSettings = {
				ALWAYS_SEARCH_USER_PATHS = NO;
				CLANG_CXX_LANGUAGE_STANDARD = "gnu++0x";
				CLANG_CXX_LIBRARY = "libc++";
				CLANG_ENABLE_MODULES = YES;
				CLANG_ENABLE_OBJC_ARC = YES;
				CLANG_WARN_BOOL_CONVERSION = YES;
				CLANG_WARN_CONSTANT_CONVERSION = YES;
				CLANG_WARN_DIRECT_OBJC_ISA_USAGE = YES_ERROR;
				CLANG_WARN_EMPTY_BODY = YES;
				CLANG_WARN_ENUM_CONVERSION = YES;
				CLANG_WARN_INT_CONVERSION = YES;
				CLANG_WARN_OBJC_ROOT_CLASS = YES_ERROR;
				CLANG_WARN_UNREACHABLE_CODE = YES;
				CLANG_WARN__DUPLICATE_METHOD_MATCH = YES;
				"CODE_SIGN_IDENTITY[sdk=iphoneos*]" = "iPhone Developer";
				COPY_PHASE_STRIP = NO;
				DEBUG_INFORMATION_FORMAT = "dwarf-with-dsym";
				ENABLE_STRICT_OBJC_MSGSEND = YES;
				GCC_C_LANGUAGE_STANDARD = gnu99;
				GCC_DYNAMIC_NO_PIC = NO;
				GCC_NO_COMMON_BLOCKS = YES;
				GCC_OPTIMIZATION_LEVEL = 0;
				GCC_PREPROCESSOR_DEFINITIONS = (
					"DEBUG=1",
					"$(inherited)",
				);
				GCC_SYMBOLS_PRIVATE_EXTERN = NO;
				GCC_WARN_64_TO_32_BIT_CONVERSION = YES;
				GCC_WARN_ABOUT_RETURN_TYPE = YES_ERROR;
				GCC_WARN_UNDECLARED_SELECTOR = YES;
				GCC_WARN_UNINITIALIZED_AUTOS = YES_AGGRESSIVE;
				GCC_WARN_UNUSED_FUNCTION = YES;
				GCC_WARN_UNUSED_VARIABLE = YES;
				IPHONEOS_DEPLOYMENT_TARGET = 8.3;
				MTL_ENABLE_DEBUG_INFO = YES;
				ONLY_ACTIVE_ARCH = YES;
				SDKROOT = iphoneos;
			};
			name = Debug;
		};
		506CCDE91B159F1900BC976F /* Release */ = {
			isa = XCBuildConfiguration;
			buildSettings = {
				ALWAYS_SEARCH_USER_PATHS = NO;
				CLANG_CXX_LANGUAGE_STANDARD = "gnu++0x";
				CLANG_CXX_LIBRARY = "libc++";
				CLANG_ENABLE_MODULES = YES;
				CLANG_ENABLE_OBJC_ARC = YES;
				CLANG_WARN_BOOL_CONVERSION = YES;
				CLANG_WARN_CONSTANT_CONVERSION = YES;
				CLANG_WARN_DIRECT_OBJC_ISA_USAGE = YES_ERROR;
				CLANG_WARN_EMPTY_BODY = YES;
				CLANG_WARN_ENUM_CONVERSION = YES;
				CLANG_WARN_INT_CONVERSION = YES;
				CLANG_WARN_OBJC_ROOT_CLASS = YES_ERROR;
				CLANG_WARN_UNREACHABLE_CODE = YES;
				CLANG_WARN__DUPLICATE_METHOD_MATCH = YES;
				"CODE_SIGN_IDENTITY[sdk=iphoneos*]" = "iPhone Developer";
				COPY_PHASE_STRIP = NO;
				DEBUG_INFORMATION_FORMAT = "dwarf-with-dsym";
				ENABLE_NS_ASSERTIONS = NO;
				ENABLE_STRICT_OBJC_MSGSEND = YES;
				GCC_C_LANGUAGE_STANDARD = gnu99;
				GCC_NO_COMMON_BLOCKS = YES;
				GCC_WARN_64_TO_32_BIT_CONVERSION = YES;
				GCC_WARN_ABOUT_RETURN_TYPE = YES_ERROR;
				GCC_WARN_UNDECLARED_SELECTOR = YES;
				GCC_WARN_UNINITIALIZED_AUTOS = YES_AGGRESSIVE;
				GCC_WARN_UNUSED_FUNCTION = YES;
				GCC_WARN_UNUSED_VARIABLE = YES;
				IPHONEOS_DEPLOYMENT_TARGET = 8.3;
				MTL_ENABLE_DEBUG_INFO = NO;
				SDKROOT = iphoneos;
				VALIDATE_PRODUCT = YES;
			};
			name = Release;
		};
		506CCDEB1B159F1900BC976F /* Debug */ = {
			isa = XCBuildConfiguration;
			buildSettings = {
				ASSETCATALOG_COMPILER_APPICON_NAME = AppIcon;
				INFOPLIST_FILE = ThreadSafa/Info.plist;
				LD_RUNPATH_SEARCH_PATHS = "$(inherited) @executable_path/Frameworks";
				PRODUCT_NAME = "$(TARGET_NAME)";
			};
			name = Debug;
		};
		506CCDEC1B159F1900BC976F /* Release */ = {
			isa = XCBuildConfiguration;
			buildSettings = {
				ASSETCATALOG_COMPILER_APPICON_NAME = AppIcon;
				INFOPLIST_FILE = ThreadSafa/Info.plist;
				LD_RUNPATH_SEARCH_PATHS = "$(inherited) @executable_path/Frameworks";
				PRODUCT_NAME = "$(TARGET_NAME)";
			};
			name = Release;
		};
		506CCDEE1B159F1900BC976F /* Debug */ = {
			isa = XCBuildConfiguration;
			buildSettings = {
				BUNDLE_LOADER = "$(TEST_HOST)";
				FRAMEWORK_SEARCH_PATHS = (
					"$(SDKROOT)/Developer/Library/Frameworks",
					"$(inherited)",
				);
				GCC_PREPROCESSOR_DEFINITIONS = (
					"DEBUG=1",
					"$(inherited)",
				);
				INFOPLIST_FILE = ThreadSafaTests/Info.plist;
				LD_RUNPATH_SEARCH_PATHS = "$(inherited) @executable_path/Frameworks @loader_path/Frameworks";
				PRODUCT_NAME = "$(TARGET_NAME)";
				TEST_HOST = "$(BUILT_PRODUCTS_DIR)/ThreadSafa.app/ThreadSafa";
			};
			name = Debug;
		};
		506CCDEF1B159F1900BC976F /* Release */ = {
			isa = XCBuildConfiguration;
			buildSettings = {
				BUNDLE_LOADER = "$(TEST_HOST)";
				FRAMEWORK_SEARCH_PATHS = (
					"$(SDKROOT)/Developer/Library/Frameworks",
					"$(inherited)",
				);
				INFOPLIST_FILE = ThreadSafaTests/Info.plist;
				LD_RUNPATH_SEARCH_PATHS = "$(inherited) @executable_path/Frameworks @loader_path/Frameworks";
				PRODUCT_NAME = "$(TARGET_NAME)";
				TEST_HOST = "$(BUILT_PRODUCTS_DIR)/ThreadSafa.app/ThreadSafa";
			};
			name = Release;
		};
/* End XCBuildConfiguration section */

/* Begin XCConfigurationList section */
		506CCDC21B159F1900BC976F /* Build configuration list for PBXProject "ThreadSafa" */ = {
			isa = XCConfigurationList;
			buildConfigurations = (
				506CCDE81B159F1900BC976F /* Debug */,
				506CCDE91B159F1900BC976F /* Release */,
			);
			defaultConfigurationIsVisible = 0;
			defaultConfigurationName = Release;
		};
		506CCDEA1B159F1900BC976F /* Build configuration list for PBXNativeTarget "ThreadSafa" */ = {
			isa = XCConfigurationList;
			buildConfigurations = (
				506CCDEB1B159F1900BC976F /* Debug */,
				506CCDEC1B159F1900BC976F /* Release */,
			);
			defaultConfigurationIsVisible = 0;
		};
		506CCDED1B159F1900BC976F /* Build configuration list for PBXNativeTarget "ThreadSafaTests" */ = {
			isa = XCConfigurationList;
			buildConfigurations = (
				506CCDEE1B159F1900BC976F /* Debug */,
				506CCDEF1B159F1900BC976F /* Release */,
			);
			defaultConfigurationIsVisible = 0;
		};
/* End XCConfigurationList section */
	};
	rootObject = 506CCDBF1B159F1900BC976F /* Project object */;
}
